// !$*UTF8*$!
{
	archiveVersion = 1;
	classes = {
	};
	objectVersion = 50;
	objects = {

/* Begin PBXBuildFile section */
		D125AE2025B3C66F00E910E7 /* RegisterPresenter.swift in Sources */ = {isa = PBXBuildFile; fileRef = D125AE1F25B3C66F00E910E7 /* RegisterPresenter.swift */; };
		D125AE2625B3C6D000E910E7 /* PresenterType.swift in Sources */ = {isa = PBXBuildFile; fileRef = D125AE2525B3C6D000E910E7 /* PresenterType.swift */; };
		D125AE2B25B3C6F100E910E7 /* BasePresenter.swift in Sources */ = {isa = PBXBuildFile; fileRef = D125AE2A25B3C6F100E910E7 /* BasePresenter.swift */; };
		D125AE3025B3C6FD00E910E7 /* ViewType.swift in Sources */ = {isa = PBXBuildFile; fileRef = D125AE2F25B3C6FD00E910E7 /* ViewType.swift */; };
		D125AE3525B3C73500E910E7 /* BaseViewController.swift in Sources */ = {isa = PBXBuildFile; fileRef = D125AE3425B3C73500E910E7 /* BaseViewController.swift */; };
		D125AE3B25B3C80300E910E7 /* BaseCoordinator.swift in Sources */ = {isa = PBXBuildFile; fileRef = D125AE3A25B3C80300E910E7 /* BaseCoordinator.swift */; };
		D125AE5A25B3C84400E910E7 /* CoordinatorType.swift in Sources */ = {isa = PBXBuildFile; fileRef = D125AE5925B3C84400E910E7 /* CoordinatorType.swift */; };
		D125AE5F25B3C86000E910E7 /* RouterType.swift in Sources */ = {isa = PBXBuildFile; fileRef = D125AE5E25B3C86000E910E7 /* RouterType.swift */; };
		D125AE6425B3C87A00E910E7 /* MainRouter.swift in Sources */ = {isa = PBXBuildFile; fileRef = D125AE6325B3C87A00E910E7 /* MainRouter.swift */; };
		D125AE6925B3C89B00E910E7 /* Presentable.swift in Sources */ = {isa = PBXBuildFile; fileRef = D125AE6825B3C89B00E910E7 /* Presentable.swift */; };
		D125AE6E25B3C8B300E910E7 /* RemoveReferenceDelegate.swift in Sources */ = {isa = PBXBuildFile; fileRef = D125AE6D25B3C8B300E910E7 /* RemoveReferenceDelegate.swift */; };
		D125AE7325B3C9BC00E910E7 /* RegisterCoordinator.swift in Sources */ = {isa = PBXBuildFile; fileRef = D125AE7225B3C9BC00E910E7 /* RegisterCoordinator.swift */; };
		D125AE7825B3CA0A00E910E7 /* RegisterConfigurator.swift in Sources */ = {isa = PBXBuildFile; fileRef = D125AE7725B3CA0A00E910E7 /* RegisterConfigurator.swift */; };
		D125AE7D25B3CCA600E910E7 /* RegisterContract.swift in Sources */ = {isa = PBXBuildFile; fileRef = D125AE7C25B3CCA600E910E7 /* RegisterContract.swift */; };
		D13E04D725B48E34001133C9 /* RegisterPresenterTest.swift in Sources */ = {isa = PBXBuildFile; fileRef = D13E04D625B48E34001133C9 /* RegisterPresenterTest.swift */; };
		D13E04E125B48E98001133C9 /* AddClientInteractorStub.swift in Sources */ = {isa = PBXBuildFile; fileRef = D13E04E025B48E98001133C9 /* AddClientInteractorStub.swift */; };
		D13E04EA25B48F11001133C9 /* ClientDummy.swift in Sources */ = {isa = PBXBuildFile; fileRef = D13E04E925B48F11001133C9 /* ClientDummy.swift */; };
		D13E04F225B48F52001133C9 /* AccountDummy.swift in Sources */ = {isa = PBXBuildFile; fileRef = D13E04F125B48F52001133C9 /* AccountDummy.swift */; };
		D13E04F725B49043001133C9 /* DepositsInteractorStub.swift in Sources */ = {isa = PBXBuildFile; fileRef = D13E04F625B49043001133C9 /* DepositsInteractorStub.swift */; };
		D19CADF425B3D1330029CC09 /* UIViewController+Presentable.swift in Sources */ = {isa = PBXBuildFile; fileRef = D19CADF325B3D1330029CC09 /* UIViewController+Presentable.swift */; };
		D19CADFA25B3D9C70029CC09 /* HomeViewController.swift in Sources */ = {isa = PBXBuildFile; fileRef = D19CADF925B3D9C70029CC09 /* HomeViewController.swift */; };
		D19CADFF25B3D9E90029CC09 /* HomeCoordinator.swift in Sources */ = {isa = PBXBuildFile; fileRef = D19CADFE25B3D9E90029CC09 /* HomeCoordinator.swift */; };
		D19CAE0425B3DA5F0029CC09 /* HomeConfigurator.swift in Sources */ = {isa = PBXBuildFile; fileRef = D19CAE0325B3DA5F0029CC09 /* HomeConfigurator.swift */; };
		D19CAE0925B3DA8A0029CC09 /* HomePresenter.swift in Sources */ = {isa = PBXBuildFile; fileRef = D19CAE0825B3DA8A0029CC09 /* HomePresenter.swift */; };
		D19CAE0E25B3DA9F0029CC09 /* HomeContract.swift in Sources */ = {isa = PBXBuildFile; fileRef = D19CAE0D25B3DA9F0029CC09 /* HomeContract.swift */; };
		D1A9314625B33DB400563B72 /* BaseInteractor.swift in Sources */ = {isa = PBXBuildFile; fileRef = D1A9314525B33DB400563B72 /* BaseInteractor.swift */; };
		D1A9315425B3401C00563B72 /* BankRepository.swift in Sources */ = {isa = PBXBuildFile; fileRef = D1A9315325B3401C00563B72 /* BankRepository.swift */; };
		D1A9315925B340D700563B72 /* BankRepositoryType.swift in Sources */ = {isa = PBXBuildFile; fileRef = D1A9315825B340D700563B72 /* BankRepositoryType.swift */; };
		D1A9316125B3423100563B72 /* AddClientInteractor.swift in Sources */ = {isa = PBXBuildFile; fileRef = D1A9316025B3423100563B72 /* AddClientInteractor.swift */; };
		D1A9316C25B343F500563B72 /* DepositsInteractor.swift in Sources */ = {isa = PBXBuildFile; fileRef = D1A9316B25B343F500563B72 /* DepositsInteractor.swift */; };
		D1A9317125B344FD00563B72 /* WithdrawsMoneyInteractor.swift in Sources */ = {isa = PBXBuildFile; fileRef = D1A9317025B344FD00563B72 /* WithdrawsMoneyInteractor.swift */; };
		D1A9317925B3496C00563B72 /* BalanceInteractor.swift in Sources */ = {isa = PBXBuildFile; fileRef = D1A9317825B3496C00563B72 /* BalanceInteractor.swift */; };
		D1A9318525B34B4E00563B72 /* RegisterViewController.swift in Sources */ = {isa = PBXBuildFile; fileRef = D1A9318425B34B4E00563B72 /* RegisterViewController.swift */; };
		D1A9319425B34E3200563B72 /* UITextField+Border.swift in Sources */ = {isa = PBXBuildFile; fileRef = D1A9319325B34E3200563B72 /* UITextField+Border.swift */; };
		D1C1A49E25B2540F00BF20BB /* AccountTest.swift in Sources */ = {isa = PBXBuildFile; fileRef = D1C1A49D25B2540F00BF20BB /* AccountTest.swift */; };
		D1C1A4A325B2565500BF20BB /* ClientTest.swift in Sources */ = {isa = PBXBuildFile; fileRef = D1C1A4A225B2565500BF20BB /* ClientTest.swift */; };
		D1E5158825B2303A001D6CE9 /* AppDelegate.swift in Sources */ = {isa = PBXBuildFile; fileRef = D1E5158725B2303A001D6CE9 /* AppDelegate.swift */; };
		D1E5158A25B2303A001D6CE9 /* SceneDelegate.swift in Sources */ = {isa = PBXBuildFile; fileRef = D1E5158925B2303A001D6CE9 /* SceneDelegate.swift */; };
		D1E5159125B2303B001D6CE9 /* Assets.xcassets in Resources */ = {isa = PBXBuildFile; fileRef = D1E5159025B2303B001D6CE9 /* Assets.xcassets */; };
		D1E5159425B2303B001D6CE9 /* LaunchScreen.storyboard in Resources */ = {isa = PBXBuildFile; fileRef = D1E5159225B2303B001D6CE9 /* LaunchScreen.storyboard */; };
		D1E515AA25B2303B001D6CE9 /* VeritranTestUITests.swift in Sources */ = {isa = PBXBuildFile; fileRef = D1E515A925B2303B001D6CE9 /* VeritranTestUITests.swift */; };
		D1E515BF25B2305D001D6CE9 /* Account.swift in Sources */ = {isa = PBXBuildFile; fileRef = D1E515B725B2305D001D6CE9 /* Account.swift */; };
		D1E515C025B2305D001D6CE9 /* Client.swift in Sources */ = {isa = PBXBuildFile; fileRef = D1E515B825B2305D001D6CE9 /* Client.swift */; };
		D1E515C125B2305D001D6CE9 /* AccountError.swift in Sources */ = {isa = PBXBuildFile; fileRef = D1E515B925B2305D001D6CE9 /* AccountError.swift */; };
		D1E515C225B2305D001D6CE9 /* AccountType.swift in Sources */ = {isa = PBXBuildFile; fileRef = D1E515BA25B2305D001D6CE9 /* AccountType.swift */; };
		D1E515C325B2305D001D6CE9 /* BankType.swift in Sources */ = {isa = PBXBuildFile; fileRef = D1E515BB25B2305D001D6CE9 /* BankType.swift */; };
		D1E515C425B2305D001D6CE9 /* ClientType.swift in Sources */ = {isa = PBXBuildFile; fileRef = D1E515BC25B2305D001D6CE9 /* ClientType.swift */; };
		D1E515C525B2305D001D6CE9 /* Bank.swift in Sources */ = {isa = PBXBuildFile; fileRef = D1E515BD25B2305D001D6CE9 /* Bank.swift */; };
		D1E515C625B2305D001D6CE9 /* BankError.swift in Sources */ = {isa = PBXBuildFile; fileRef = D1E515BE25B2305D001D6CE9 /* BankError.swift */; };
		D1E515CF25B2308E001D6CE9 /* BankTest.swift in Sources */ = {isa = PBXBuildFile; fileRef = D1E515CE25B2308E001D6CE9 /* BankTest.swift */; };
		D1EB4F6B25B492E900AAC26B /* RegisterCoordinatorSpy.swift in Sources */ = {isa = PBXBuildFile; fileRef = D1EB4F6A25B492E900AAC26B /* RegisterCoordinatorSpy.swift */; };
		D1EB4F7125B4931F00AAC26B /* BaseCoordinatorSpy.swift in Sources */ = {isa = PBXBuildFile; fileRef = D1EB4F7025B4931F00AAC26B /* BaseCoordinatorSpy.swift */; };
		D1EB4F7925B493DE00AAC26B /* BankRespositoryStub.swift in Sources */ = {isa = PBXBuildFile; fileRef = D1EB4F7825B493DE00AAC26B /* BankRespositoryStub.swift */; };
/* End PBXBuildFile section */

/* Begin PBXContainerItemProxy section */
		D1E5159B25B2303B001D6CE9 /* PBXContainerItemProxy */ = {
			isa = PBXContainerItemProxy;
			containerPortal = D1E5157C25B2303A001D6CE9 /* Project object */;
			proxyType = 1;
			remoteGlobalIDString = D1E5158325B2303A001D6CE9;
			remoteInfo = VeritranTest;
		};
		D1E515A625B2303B001D6CE9 /* PBXContainerItemProxy */ = {
			isa = PBXContainerItemProxy;
			containerPortal = D1E5157C25B2303A001D6CE9 /* Project object */;
			proxyType = 1;
			remoteGlobalIDString = D1E5158325B2303A001D6CE9;
			remoteInfo = VeritranTest;
		};
/* End PBXContainerItemProxy section */

/* Begin PBXFileReference section */
		D125AE1F25B3C66F00E910E7 /* RegisterPresenter.swift */ = {isa = PBXFileReference; lastKnownFileType = sourcecode.swift; path = RegisterPresenter.swift; sourceTree = "<group>"; };
		D125AE2525B3C6D000E910E7 /* PresenterType.swift */ = {isa = PBXFileReference; lastKnownFileType = sourcecode.swift; path = PresenterType.swift; sourceTree = "<group>"; };
		D125AE2A25B3C6F100E910E7 /* BasePresenter.swift */ = {isa = PBXFileReference; lastKnownFileType = sourcecode.swift; path = BasePresenter.swift; sourceTree = "<group>"; };
		D125AE2F25B3C6FD00E910E7 /* ViewType.swift */ = {isa = PBXFileReference; lastKnownFileType = sourcecode.swift; path = ViewType.swift; sourceTree = "<group>"; };
		D125AE3425B3C73500E910E7 /* BaseViewController.swift */ = {isa = PBXFileReference; lastKnownFileType = sourcecode.swift; path = BaseViewController.swift; sourceTree = "<group>"; };
		D125AE3A25B3C80300E910E7 /* BaseCoordinator.swift */ = {isa = PBXFileReference; lastKnownFileType = sourcecode.swift; path = BaseCoordinator.swift; sourceTree = "<group>"; };
		D125AE5925B3C84400E910E7 /* CoordinatorType.swift */ = {isa = PBXFileReference; lastKnownFileType = sourcecode.swift; path = CoordinatorType.swift; sourceTree = "<group>"; };
		D125AE5E25B3C86000E910E7 /* RouterType.swift */ = {isa = PBXFileReference; lastKnownFileType = sourcecode.swift; path = RouterType.swift; sourceTree = "<group>"; };
		D125AE6325B3C87A00E910E7 /* MainRouter.swift */ = {isa = PBXFileReference; lastKnownFileType = sourcecode.swift; path = MainRouter.swift; sourceTree = "<group>"; };
		D125AE6825B3C89B00E910E7 /* Presentable.swift */ = {isa = PBXFileReference; lastKnownFileType = sourcecode.swift; path = Presentable.swift; sourceTree = "<group>"; };
		D125AE6D25B3C8B300E910E7 /* RemoveReferenceDelegate.swift */ = {isa = PBXFileReference; lastKnownFileType = sourcecode.swift; path = RemoveReferenceDelegate.swift; sourceTree = "<group>"; };
		D125AE7225B3C9BC00E910E7 /* RegisterCoordinator.swift */ = {isa = PBXFileReference; lastKnownFileType = sourcecode.swift; path = RegisterCoordinator.swift; sourceTree = "<group>"; };
		D125AE7725B3CA0A00E910E7 /* RegisterConfigurator.swift */ = {isa = PBXFileReference; lastKnownFileType = sourcecode.swift; path = RegisterConfigurator.swift; sourceTree = "<group>"; };
		D125AE7C25B3CCA600E910E7 /* RegisterContract.swift */ = {isa = PBXFileReference; lastKnownFileType = sourcecode.swift; path = RegisterContract.swift; sourceTree = "<group>"; };
		D13E04D625B48E34001133C9 /* RegisterPresenterTest.swift */ = {isa = PBXFileReference; lastKnownFileType = sourcecode.swift; path = RegisterPresenterTest.swift; sourceTree = "<group>"; };
		D13E04E025B48E98001133C9 /* AddClientInteractorStub.swift */ = {isa = PBXFileReference; lastKnownFileType = sourcecode.swift; path = AddClientInteractorStub.swift; sourceTree = "<group>"; };
		D13E04E925B48F11001133C9 /* ClientDummy.swift */ = {isa = PBXFileReference; lastKnownFileType = sourcecode.swift; path = ClientDummy.swift; sourceTree = "<group>"; };
		D13E04F125B48F52001133C9 /* AccountDummy.swift */ = {isa = PBXFileReference; lastKnownFileType = sourcecode.swift; path = AccountDummy.swift; sourceTree = "<group>"; };
		D13E04F625B49043001133C9 /* DepositsInteractorStub.swift */ = {isa = PBXFileReference; lastKnownFileType = sourcecode.swift; path = DepositsInteractorStub.swift; sourceTree = "<group>"; };
		D19CADF325B3D1330029CC09 /* UIViewController+Presentable.swift */ = {isa = PBXFileReference; lastKnownFileType = sourcecode.swift; path = "UIViewController+Presentable.swift"; sourceTree = "<group>"; };
		D19CADF925B3D9C70029CC09 /* HomeViewController.swift */ = {isa = PBXFileReference; lastKnownFileType = sourcecode.swift; path = HomeViewController.swift; sourceTree = "<group>"; };
		D19CADFE25B3D9E90029CC09 /* HomeCoordinator.swift */ = {isa = PBXFileReference; lastKnownFileType = sourcecode.swift; path = HomeCoordinator.swift; sourceTree = "<group>"; };
		D19CAE0325B3DA5F0029CC09 /* HomeConfigurator.swift */ = {isa = PBXFileReference; lastKnownFileType = sourcecode.swift; path = HomeConfigurator.swift; sourceTree = "<group>"; };
		D19CAE0825B3DA8A0029CC09 /* HomePresenter.swift */ = {isa = PBXFileReference; lastKnownFileType = sourcecode.swift; path = HomePresenter.swift; sourceTree = "<group>"; };
		D19CAE0D25B3DA9F0029CC09 /* HomeContract.swift */ = {isa = PBXFileReference; lastKnownFileType = sourcecode.swift; path = HomeContract.swift; sourceTree = "<group>"; };
		D1A9314525B33DB400563B72 /* BaseInteractor.swift */ = {isa = PBXFileReference; lastKnownFileType = sourcecode.swift; path = BaseInteractor.swift; sourceTree = "<group>"; };
		D1A9315325B3401C00563B72 /* BankRepository.swift */ = {isa = PBXFileReference; lastKnownFileType = sourcecode.swift; path = BankRepository.swift; sourceTree = "<group>"; };
		D1A9315825B340D700563B72 /* BankRepositoryType.swift */ = {isa = PBXFileReference; lastKnownFileType = sourcecode.swift; path = BankRepositoryType.swift; sourceTree = "<group>"; };
		D1A9316025B3423100563B72 /* AddClientInteractor.swift */ = {isa = PBXFileReference; lastKnownFileType = sourcecode.swift; path = AddClientInteractor.swift; sourceTree = "<group>"; };
		D1A9316B25B343F500563B72 /* DepositsInteractor.swift */ = {isa = PBXFileReference; lastKnownFileType = sourcecode.swift; path = DepositsInteractor.swift; sourceTree = "<group>"; };
		D1A9317025B344FD00563B72 /* WithdrawsMoneyInteractor.swift */ = {isa = PBXFileReference; lastKnownFileType = sourcecode.swift; path = WithdrawsMoneyInteractor.swift; sourceTree = "<group>"; };
		D1A9317825B3496C00563B72 /* BalanceInteractor.swift */ = {isa = PBXFileReference; lastKnownFileType = sourcecode.swift; path = BalanceInteractor.swift; sourceTree = "<group>"; };
		D1A9318425B34B4E00563B72 /* RegisterViewController.swift */ = {isa = PBXFileReference; lastKnownFileType = sourcecode.swift; path = RegisterViewController.swift; sourceTree = "<group>"; };
		D1A9319325B34E3200563B72 /* UITextField+Border.swift */ = {isa = PBXFileReference; lastKnownFileType = sourcecode.swift; path = "UITextField+Border.swift"; sourceTree = "<group>"; };
		D1C1A49D25B2540F00BF20BB /* AccountTest.swift */ = {isa = PBXFileReference; lastKnownFileType = sourcecode.swift; path = AccountTest.swift; sourceTree = "<group>"; };
		D1C1A4A225B2565500BF20BB /* ClientTest.swift */ = {isa = PBXFileReference; lastKnownFileType = sourcecode.swift; path = ClientTest.swift; sourceTree = "<group>"; };
		D1E5158425B2303A001D6CE9 /* VeritranTest.app */ = {isa = PBXFileReference; explicitFileType = wrapper.application; includeInIndex = 0; path = VeritranTest.app; sourceTree = BUILT_PRODUCTS_DIR; };
		D1E5158725B2303A001D6CE9 /* AppDelegate.swift */ = {isa = PBXFileReference; lastKnownFileType = sourcecode.swift; path = AppDelegate.swift; sourceTree = "<group>"; };
		D1E5158925B2303A001D6CE9 /* SceneDelegate.swift */ = {isa = PBXFileReference; lastKnownFileType = sourcecode.swift; path = SceneDelegate.swift; sourceTree = "<group>"; };
		D1E5159025B2303B001D6CE9 /* Assets.xcassets */ = {isa = PBXFileReference; lastKnownFileType = folder.assetcatalog; path = Assets.xcassets; sourceTree = "<group>"; };
		D1E5159325B2303B001D6CE9 /* Base */ = {isa = PBXFileReference; lastKnownFileType = file.storyboard; name = Base; path = Base.lproj/LaunchScreen.storyboard; sourceTree = "<group>"; };
		D1E5159525B2303B001D6CE9 /* Info.plist */ = {isa = PBXFileReference; lastKnownFileType = text.plist.xml; path = Info.plist; sourceTree = "<group>"; };
		D1E5159A25B2303B001D6CE9 /* VeritranTestTests.xctest */ = {isa = PBXFileReference; explicitFileType = wrapper.cfbundle; includeInIndex = 0; path = VeritranTestTests.xctest; sourceTree = BUILT_PRODUCTS_DIR; };
		D1E515A025B2303B001D6CE9 /* Info.plist */ = {isa = PBXFileReference; lastKnownFileType = text.plist.xml; path = Info.plist; sourceTree = "<group>"; };
		D1E515A525B2303B001D6CE9 /* VeritranTestUITests.xctest */ = {isa = PBXFileReference; explicitFileType = wrapper.cfbundle; includeInIndex = 0; path = VeritranTestUITests.xctest; sourceTree = BUILT_PRODUCTS_DIR; };
		D1E515A925B2303B001D6CE9 /* VeritranTestUITests.swift */ = {isa = PBXFileReference; lastKnownFileType = sourcecode.swift; path = VeritranTestUITests.swift; sourceTree = "<group>"; };
		D1E515AB25B2303B001D6CE9 /* Info.plist */ = {isa = PBXFileReference; lastKnownFileType = text.plist.xml; path = Info.plist; sourceTree = "<group>"; };
		D1E515B725B2305D001D6CE9 /* Account.swift */ = {isa = PBXFileReference; fileEncoding = 4; lastKnownFileType = sourcecode.swift; path = Account.swift; sourceTree = "<group>"; };
		D1E515B825B2305D001D6CE9 /* Client.swift */ = {isa = PBXFileReference; fileEncoding = 4; lastKnownFileType = sourcecode.swift; path = Client.swift; sourceTree = "<group>"; };
		D1E515B925B2305D001D6CE9 /* AccountError.swift */ = {isa = PBXFileReference; fileEncoding = 4; lastKnownFileType = sourcecode.swift; path = AccountError.swift; sourceTree = "<group>"; };
		D1E515BA25B2305D001D6CE9 /* AccountType.swift */ = {isa = PBXFileReference; fileEncoding = 4; lastKnownFileType = sourcecode.swift; path = AccountType.swift; sourceTree = "<group>"; };
		D1E515BB25B2305D001D6CE9 /* BankType.swift */ = {isa = PBXFileReference; fileEncoding = 4; lastKnownFileType = sourcecode.swift; path = BankType.swift; sourceTree = "<group>"; };
		D1E515BC25B2305D001D6CE9 /* ClientType.swift */ = {isa = PBXFileReference; fileEncoding = 4; lastKnownFileType = sourcecode.swift; path = ClientType.swift; sourceTree = "<group>"; };
		D1E515BD25B2305D001D6CE9 /* Bank.swift */ = {isa = PBXFileReference; fileEncoding = 4; lastKnownFileType = sourcecode.swift; path = Bank.swift; sourceTree = "<group>"; };
		D1E515BE25B2305D001D6CE9 /* BankError.swift */ = {isa = PBXFileReference; fileEncoding = 4; lastKnownFileType = sourcecode.swift; path = BankError.swift; sourceTree = "<group>"; };
		D1E515CE25B2308E001D6CE9 /* BankTest.swift */ = {isa = PBXFileReference; lastKnownFileType = sourcecode.swift; path = BankTest.swift; sourceTree = "<group>"; };
		D1EB4F6A25B492E900AAC26B /* RegisterCoordinatorSpy.swift */ = {isa = PBXFileReference; lastKnownFileType = sourcecode.swift; path = RegisterCoordinatorSpy.swift; sourceTree = "<group>"; };
		D1EB4F7025B4931F00AAC26B /* BaseCoordinatorSpy.swift */ = {isa = PBXFileReference; lastKnownFileType = sourcecode.swift; path = BaseCoordinatorSpy.swift; sourceTree = "<group>"; };
		D1EB4F7825B493DE00AAC26B /* BankRespositoryStub.swift */ = {isa = PBXFileReference; lastKnownFileType = sourcecode.swift; path = BankRespositoryStub.swift; sourceTree = "<group>"; };
/* End PBXFileReference section */

/* Begin PBXFrameworksBuildPhase section */
		D1E5158125B2303A001D6CE9 /* Frameworks */ = {
			isa = PBXFrameworksBuildPhase;
			buildActionMask = 2147483647;
			files = (
			);
			runOnlyForDeploymentPostprocessing = 0;
		};
		D1E5159725B2303B001D6CE9 /* Frameworks */ = {
			isa = PBXFrameworksBuildPhase;
			buildActionMask = 2147483647;
			files = (
			);
			runOnlyForDeploymentPostprocessing = 0;
		};
		D1E515A225B2303B001D6CE9 /* Frameworks */ = {
			isa = PBXFrameworksBuildPhase;
			buildActionMask = 2147483647;
			files = (
			);
			runOnlyForDeploymentPostprocessing = 0;
		};
/* End PBXFrameworksBuildPhase section */

/* Begin PBXGroup section */
		D125AE1E25B3C65C00E910E7 /* Register */ = {
			isa = PBXGroup;
			children = (
				D1A9318425B34B4E00563B72 /* RegisterViewController.swift */,
				D125AE1F25B3C66F00E910E7 /* RegisterPresenter.swift */,
				D125AE7225B3C9BC00E910E7 /* RegisterCoordinator.swift */,
				D125AE7725B3CA0A00E910E7 /* RegisterConfigurator.swift */,
				D125AE7C25B3CCA600E910E7 /* RegisterContract.swift */,
			);
			path = Register;
			sourceTree = "<group>";
		};
		D125AE2425B3C6BD00E910E7 /* Base */ = {
			isa = PBXGroup;
			children = (
				D125AE2525B3C6D000E910E7 /* PresenterType.swift */,
				D125AE2A25B3C6F100E910E7 /* BasePresenter.swift */,
				D125AE2F25B3C6FD00E910E7 /* ViewType.swift */,
				D125AE3425B3C73500E910E7 /* BaseViewController.swift */,
			);
			path = Base;
			sourceTree = "<group>";
		};
		D125AE3925B3C7F100E910E7 /* Coordinator */ = {
			isa = PBXGroup;
			children = (
				D125AE3A25B3C80300E910E7 /* BaseCoordinator.swift */,
				D125AE5925B3C84400E910E7 /* CoordinatorType.swift */,
				D125AE5E25B3C86000E910E7 /* RouterType.swift */,
				D125AE6325B3C87A00E910E7 /* MainRouter.swift */,
				D125AE6825B3C89B00E910E7 /* Presentable.swift */,
				D125AE6D25B3C8B300E910E7 /* RemoveReferenceDelegate.swift */,
				D19CADF325B3D1330029CC09 /* UIViewController+Presentable.swift */,
			);
			path = Coordinator;
			sourceTree = "<group>";
		};
		D13E04D525B48E1B001133C9 /* Presenters */ = {
			isa = PBXGroup;
			children = (
				D1EB4F6F25B4931000AAC26B /* Spy */,
				D13E04E825B48F04001133C9 /* Dummy */,
				D13E04DF25B48E7B001133C9 /* Stubs */,
				D13E04DE25B48E6E001133C9 /* Register */,
			);
			path = Presenters;
			sourceTree = "<group>";
		};
		D13E04DE25B48E6E001133C9 /* Register */ = {
			isa = PBXGroup;
			children = (
				D13E04D625B48E34001133C9 /* RegisterPresenterTest.swift */,
				D1EB4F6A25B492E900AAC26B /* RegisterCoordinatorSpy.swift */,
			);
			path = Register;
			sourceTree = "<group>";
		};
		D13E04DF25B48E7B001133C9 /* Stubs */ = {
			isa = PBXGroup;
			children = (
				D13E04E025B48E98001133C9 /* AddClientInteractorStub.swift */,
				D13E04F625B49043001133C9 /* DepositsInteractorStub.swift */,
				D1EB4F7825B493DE00AAC26B /* BankRespositoryStub.swift */,
			);
			path = Stubs;
			sourceTree = "<group>";
		};
		D13E04E825B48F04001133C9 /* Dummy */ = {
			isa = PBXGroup;
			children = (
				D13E04E925B48F11001133C9 /* ClientDummy.swift */,
				D13E04F125B48F52001133C9 /* AccountDummy.swift */,
			);
			path = Dummy;
			sourceTree = "<group>";
		};
		D19CADF825B3D9B50029CC09 /* Home */ = {
			isa = PBXGroup;
			children = (
				D19CADF925B3D9C70029CC09 /* HomeViewController.swift */,
				D19CADFE25B3D9E90029CC09 /* HomeCoordinator.swift */,
				D19CAE0325B3DA5F0029CC09 /* HomeConfigurator.swift */,
				D19CAE0825B3DA8A0029CC09 /* HomePresenter.swift */,
				D19CAE0D25B3DA9F0029CC09 /* HomeContract.swift */,
			);
			path = Home;
			sourceTree = "<group>";
		};
		D1A9314425B33D6A00563B72 /* Interactors */ = {
			isa = PBXGroup;
			children = (
				D1A9314525B33DB400563B72 /* BaseInteractor.swift */,
				D1A9316025B3423100563B72 /* AddClientInteractor.swift */,
				D1A9316B25B343F500563B72 /* DepositsInteractor.swift */,
				D1A9317025B344FD00563B72 /* WithdrawsMoneyInteractor.swift */,
				D1A9317825B3496C00563B72 /* BalanceInteractor.swift */,
			);
			path = Interactors;
			sourceTree = "<group>";
		};
		D1A9314A25B33F1800563B72 /* Repository */ = {
			isa = PBXGroup;
			children = (
				D1A9315325B3401C00563B72 /* BankRepository.swift */,
				D1A9315825B340D700563B72 /* BankRepositoryType.swift */,
			);
			path = Repository;
			sourceTree = "<group>";
		};
		D1A9317E25B34A3300563B72 /* Account */ = {
			isa = PBXGroup;
			children = (
				D1E515B725B2305D001D6CE9 /* Account.swift */,
				D1E515B925B2305D001D6CE9 /* AccountError.swift */,
				D1E515BA25B2305D001D6CE9 /* AccountType.swift */,
			);
			path = Account;
			sourceTree = "<group>";
		};
		D1A9317F25B34A4400563B72 /* Bank */ = {
			isa = PBXGroup;
			children = (
				D1E515BD25B2305D001D6CE9 /* Bank.swift */,
				D1E515BE25B2305D001D6CE9 /* BankError.swift */,
				D1E515BB25B2305D001D6CE9 /* BankType.swift */,
			);
			path = Bank;
			sourceTree = "<group>";
		};
		D1A9318025B34A5400563B72 /* Client */ = {
			isa = PBXGroup;
			children = (
				D1E515B825B2305D001D6CE9 /* Client.swift */,
				D1E515BC25B2305D001D6CE9 /* ClientType.swift */,
			);
			path = Client;
			sourceTree = "<group>";
		};
		D1A9319225B34E1000563B72 /* extensions */ = {
			isa = PBXGroup;
			children = (
				D1A9319325B34E3200563B72 /* UITextField+Border.swift */,
			);
			path = extensions;
			sourceTree = "<group>";
		};
		D1E5157B25B2303A001D6CE9 = {
			isa = PBXGroup;
			children = (
				D1E5158625B2303A001D6CE9 /* VeritranTest */,
				D1E5159D25B2303B001D6CE9 /* VeritranTestTests */,
				D1E515A825B2303B001D6CE9 /* VeritranTestUITests */,
				D1E5158525B2303A001D6CE9 /* Products */,
			);
			sourceTree = "<group>";
		};
		D1E5158525B2303A001D6CE9 /* Products */ = {
			isa = PBXGroup;
			children = (
				D1E5158425B2303A001D6CE9 /* VeritranTest.app */,
				D1E5159A25B2303B001D6CE9 /* VeritranTestTests.xctest */,
				D1E515A525B2303B001D6CE9 /* VeritranTestUITests.xctest */,
			);
			name = Products;
			sourceTree = "<group>";
		};
		D1E5158625B2303A001D6CE9 /* VeritranTest */ = {
			isa = PBXGroup;
			children = (
				D19CADF825B3D9B50029CC09 /* Home */,
				D125AE3925B3C7F100E910E7 /* Coordinator */,
				D125AE2425B3C6BD00E910E7 /* Base */,
				D125AE1E25B3C65C00E910E7 /* Register */,
				D1A9319225B34E1000563B72 /* extensions */,
				D1A9318025B34A5400563B72 /* Client */,
				D1A9317F25B34A4400563B72 /* Bank */,
				D1A9317E25B34A3300563B72 /* Account */,
				D1A9314A25B33F1800563B72 /* Repository */,
				D1A9314425B33D6A00563B72 /* Interactors */,
				D1E5158725B2303A001D6CE9 /* AppDelegate.swift */,
				D1E5158925B2303A001D6CE9 /* SceneDelegate.swift */,
				D1E5159025B2303B001D6CE9 /* Assets.xcassets */,
				D1E5159225B2303B001D6CE9 /* LaunchScreen.storyboard */,
				D1E5159525B2303B001D6CE9 /* Info.plist */,
			);
			path = VeritranTest;
			sourceTree = "<group>";
		};
		D1E5159D25B2303B001D6CE9 /* VeritranTestTests */ = {
			isa = PBXGroup;
			children = (
				D13E04D525B48E1B001133C9 /* Presenters */,
				D1E515A025B2303B001D6CE9 /* Info.plist */,
				D1E515CE25B2308E001D6CE9 /* BankTest.swift */,
				D1C1A49D25B2540F00BF20BB /* AccountTest.swift */,
				D1C1A4A225B2565500BF20BB /* ClientTest.swift */,
			);
			path = VeritranTestTests;
			sourceTree = "<group>";
		};
		D1E515A825B2303B001D6CE9 /* VeritranTestUITests */ = {
			isa = PBXGroup;
			children = (
				D1E515A925B2303B001D6CE9 /* VeritranTestUITests.swift */,
				D1E515AB25B2303B001D6CE9 /* Info.plist */,
			);
			path = VeritranTestUITests;
			sourceTree = "<group>";
		};
		D1EB4F6F25B4931000AAC26B /* Spy */ = {
			isa = PBXGroup;
			children = (
				D1EB4F7025B4931F00AAC26B /* BaseCoordinatorSpy.swift */,
			);
			path = Spy;
			sourceTree = "<group>";
		};
/* End PBXGroup section */

/* Begin PBXNativeTarget section */
		D1E5158325B2303A001D6CE9 /* VeritranTest */ = {
			isa = PBXNativeTarget;
			buildConfigurationList = D1E515AE25B2303B001D6CE9 /* Build configuration list for PBXNativeTarget "VeritranTest" */;
			buildPhases = (
				D1E5158025B2303A001D6CE9 /* Sources */,
				D1E5158125B2303A001D6CE9 /* Frameworks */,
				D1E5158225B2303A001D6CE9 /* Resources */,
			);
			buildRules = (
			);
			dependencies = (
			);
			name = VeritranTest;
			productName = VeritranTest;
			productReference = D1E5158425B2303A001D6CE9 /* VeritranTest.app */;
			productType = "com.apple.product-type.application";
		};
		D1E5159925B2303B001D6CE9 /* VeritranTestTests */ = {
			isa = PBXNativeTarget;
			buildConfigurationList = D1E515B125B2303B001D6CE9 /* Build configuration list for PBXNativeTarget "VeritranTestTests" */;
			buildPhases = (
				D1E5159625B2303B001D6CE9 /* Sources */,
				D1E5159725B2303B001D6CE9 /* Frameworks */,
				D1E5159825B2303B001D6CE9 /* Resources */,
			);
			buildRules = (
			);
			dependencies = (
				D1E5159C25B2303B001D6CE9 /* PBXTargetDependency */,
			);
			name = VeritranTestTests;
			productName = VeritranTestTests;
			productReference = D1E5159A25B2303B001D6CE9 /* VeritranTestTests.xctest */;
			productType = "com.apple.product-type.bundle.unit-test";
		};
		D1E515A425B2303B001D6CE9 /* VeritranTestUITests */ = {
			isa = PBXNativeTarget;
			buildConfigurationList = D1E515B425B2303B001D6CE9 /* Build configuration list for PBXNativeTarget "VeritranTestUITests" */;
			buildPhases = (
				D1E515A125B2303B001D6CE9 /* Sources */,
				D1E515A225B2303B001D6CE9 /* Frameworks */,
				D1E515A325B2303B001D6CE9 /* Resources */,
			);
			buildRules = (
			);
			dependencies = (
				D1E515A725B2303B001D6CE9 /* PBXTargetDependency */,
			);
			name = VeritranTestUITests;
			productName = VeritranTestUITests;
			productReference = D1E515A525B2303B001D6CE9 /* VeritranTestUITests.xctest */;
			productType = "com.apple.product-type.bundle.ui-testing";
		};
/* End PBXNativeTarget section */

/* Begin PBXProject section */
		D1E5157C25B2303A001D6CE9 /* Project object */ = {
			isa = PBXProject;
			attributes = {
				LastSwiftUpdateCheck = 1230;
				LastUpgradeCheck = 1230;
				TargetAttributes = {
					D1E5158325B2303A001D6CE9 = {
						CreatedOnToolsVersion = 12.3;
					};
					D1E5159925B2303B001D6CE9 = {
						CreatedOnToolsVersion = 12.3;
						TestTargetID = D1E5158325B2303A001D6CE9;
					};
					D1E515A425B2303B001D6CE9 = {
						CreatedOnToolsVersion = 12.3;
						TestTargetID = D1E5158325B2303A001D6CE9;
					};
				};
			};
			buildConfigurationList = D1E5157F25B2303A001D6CE9 /* Build configuration list for PBXProject "VeritranTest" */;
			compatibilityVersion = "Xcode 9.3";
			developmentRegion = en;
			hasScannedForEncodings = 0;
			knownRegions = (
				en,
				Base,
			);
			mainGroup = D1E5157B25B2303A001D6CE9;
			productRefGroup = D1E5158525B2303A001D6CE9 /* Products */;
			projectDirPath = "";
			projectRoot = "";
			targets = (
				D1E5158325B2303A001D6CE9 /* VeritranTest */,
				D1E5159925B2303B001D6CE9 /* VeritranTestTests */,
				D1E515A425B2303B001D6CE9 /* VeritranTestUITests */,
			);
		};
/* End PBXProject section */

/* Begin PBXResourcesBuildPhase section */
		D1E5158225B2303A001D6CE9 /* Resources */ = {
			isa = PBXResourcesBuildPhase;
			buildActionMask = 2147483647;
			files = (
				D1E5159425B2303B001D6CE9 /* LaunchScreen.storyboard in Resources */,
				D1E5159125B2303B001D6CE9 /* Assets.xcassets in Resources */,
			);
			runOnlyForDeploymentPostprocessing = 0;
		};
		D1E5159825B2303B001D6CE9 /* Resources */ = {
			isa = PBXResourcesBuildPhase;
			buildActionMask = 2147483647;
			files = (
			);
			runOnlyForDeploymentPostprocessing = 0;
		};
		D1E515A325B2303B001D6CE9 /* Resources */ = {
			isa = PBXResourcesBuildPhase;
			buildActionMask = 2147483647;
			files = (
			);
			runOnlyForDeploymentPostprocessing = 0;
		};
/* End PBXResourcesBuildPhase section */

/* Begin PBXSourcesBuildPhase section */
		D1E5158025B2303A001D6CE9 /* Sources */ = {
			isa = PBXSourcesBuildPhase;
			buildActionMask = 2147483647;
			files = (
				D1E515C225B2305D001D6CE9 /* AccountType.swift in Sources */,
				D125AE6425B3C87A00E910E7 /* MainRouter.swift in Sources */,
				D1E515BF25B2305D001D6CE9 /* Account.swift in Sources */,
				D1E515C425B2305D001D6CE9 /* ClientType.swift in Sources */,
				D1A9318525B34B4E00563B72 /* RegisterViewController.swift in Sources */,
				D19CADFA25B3D9C70029CC09 /* HomeViewController.swift in Sources */,
				D1A9315925B340D700563B72 /* BankRepositoryType.swift in Sources */,
				D125AE3525B3C73500E910E7 /* BaseViewController.swift in Sources */,
				D19CAE0425B3DA5F0029CC09 /* HomeConfigurator.swift in Sources */,
				D125AE7D25B3CCA600E910E7 /* RegisterContract.swift in Sources */,
				D125AE5A25B3C84400E910E7 /* CoordinatorType.swift in Sources */,
				D1A9317925B3496C00563B72 /* BalanceInteractor.swift in Sources */,
				D1E5158825B2303A001D6CE9 /* AppDelegate.swift in Sources */,
				D1A9314625B33DB400563B72 /* BaseInteractor.swift in Sources */,
				D1E515C625B2305D001D6CE9 /* BankError.swift in Sources */,
				D125AE6E25B3C8B300E910E7 /* RemoveReferenceDelegate.swift in Sources */,
				D125AE7825B3CA0A00E910E7 /* RegisterConfigurator.swift in Sources */,
				D1A9316125B3423100563B72 /* AddClientInteractor.swift in Sources */,
				D1A9316C25B343F500563B72 /* DepositsInteractor.swift in Sources */,
				D1A9317125B344FD00563B72 /* WithdrawsMoneyInteractor.swift in Sources */,
				D1E515C025B2305D001D6CE9 /* Client.swift in Sources */,
				D125AE2625B3C6D000E910E7 /* PresenterType.swift in Sources */,
				D125AE3B25B3C80300E910E7 /* BaseCoordinator.swift in Sources */,
				D1E515C125B2305D001D6CE9 /* AccountError.swift in Sources */,
				D1A9315425B3401C00563B72 /* BankRepository.swift in Sources */,
				D125AE2025B3C66F00E910E7 /* RegisterPresenter.swift in Sources */,
				D1A9319425B34E3200563B72 /* UITextField+Border.swift in Sources */,
				D1E515C525B2305D001D6CE9 /* Bank.swift in Sources */,
				D125AE7325B3C9BC00E910E7 /* RegisterCoordinator.swift in Sources */,
				D125AE3025B3C6FD00E910E7 /* ViewType.swift in Sources */,
				D19CADFF25B3D9E90029CC09 /* HomeCoordinator.swift in Sources */,
				D19CADF425B3D1330029CC09 /* UIViewController+Presentable.swift in Sources */,
				D125AE5F25B3C86000E910E7 /* RouterType.swift in Sources */,
				D19CAE0925B3DA8A0029CC09 /* HomePresenter.swift in Sources */,
				D1E5158A25B2303A001D6CE9 /* SceneDelegate.swift in Sources */,
				D1E515C325B2305D001D6CE9 /* BankType.swift in Sources */,
				D19CAE0E25B3DA9F0029CC09 /* HomeContract.swift in Sources */,
				D125AE6925B3C89B00E910E7 /* Presentable.swift in Sources */,
				D125AE2B25B3C6F100E910E7 /* BasePresenter.swift in Sources */,
			);
			runOnlyForDeploymentPostprocessing = 0;
		};
		D1E5159625B2303B001D6CE9 /* Sources */ = {
			isa = PBXSourcesBuildPhase;
			buildActionMask = 2147483647;
			files = (
				D1EB4F6B25B492E900AAC26B /* RegisterCoordinatorSpy.swift in Sources */,
				D1C1A4A325B2565500BF20BB /* ClientTest.swift in Sources */,
				D1EB4F7125B4931F00AAC26B /* BaseCoordinatorSpy.swift in Sources */,
				D1C1A49E25B2540F00BF20BB /* AccountTest.swift in Sources */,
				D1E515CF25B2308E001D6CE9 /* BankTest.swift in Sources */,
				D1EB4F7925B493DE00AAC26B /* BankRespositoryStub.swift in Sources */,
				D13E04F725B49043001133C9 /* DepositsInteractorStub.swift in Sources */,
				D13E04D725B48E34001133C9 /* RegisterPresenterTest.swift in Sources */,
				D13E04E125B48E98001133C9 /* AddClientInteractorStub.swift in Sources */,
				D13E04EA25B48F11001133C9 /* ClientDummy.swift in Sources */,
				D13E04F225B48F52001133C9 /* AccountDummy.swift in Sources */,
			);
			runOnlyForDeploymentPostprocessing = 0;
		};
		D1E515A125B2303B001D6CE9 /* Sources */ = {
			isa = PBXSourcesBuildPhase;
			buildActionMask = 2147483647;
			files = (
				D1E515AA25B2303B001D6CE9 /* VeritranTestUITests.swift in Sources */,
			);
			runOnlyForDeploymentPostprocessing = 0;
		};
/* End PBXSourcesBuildPhase section */

/* Begin PBXTargetDependency section */
		D1E5159C25B2303B001D6CE9 /* PBXTargetDependency */ = {
			isa = PBXTargetDependency;
			target = D1E5158325B2303A001D6CE9 /* VeritranTest */;
			targetProxy = D1E5159B25B2303B001D6CE9 /* PBXContainerItemProxy */;
		};
		D1E515A725B2303B001D6CE9 /* PBXTargetDependency */ = {
			isa = PBXTargetDependency;
			target = D1E5158325B2303A001D6CE9 /* VeritranTest */;
			targetProxy = D1E515A625B2303B001D6CE9 /* PBXContainerItemProxy */;
		};
/* End PBXTargetDependency section */

/* Begin PBXVariantGroup section */
		D1E5159225B2303B001D6CE9 /* LaunchScreen.storyboard */ = {
			isa = PBXVariantGroup;
			children = (
				D1E5159325B2303B001D6CE9 /* Base */,
			);
			name = LaunchScreen.storyboard;
			sourceTree = "<group>";
		};
/* End PBXVariantGroup section */

/* Begin XCBuildConfiguration section */
		D1E515AC25B2303B001D6CE9 /* Debug */ = {
			isa = XCBuildConfiguration;
			buildSettings = {
				ALWAYS_SEARCH_USER_PATHS = NO;
				CLANG_ANALYZER_NONNULL = YES;
				CLANG_ANALYZER_NUMBER_OBJECT_CONVERSION = YES_AGGRESSIVE;
				CLANG_CXX_LANGUAGE_STANDARD = "gnu++14";
				CLANG_CXX_LIBRARY = "libc++";
				CLANG_ENABLE_MODULES = YES;
				CLANG_ENABLE_OBJC_ARC = YES;
				CLANG_ENABLE_OBJC_WEAK = YES;
				CLANG_WARN_BLOCK_CAPTURE_AUTORELEASING = YES;
				CLANG_WARN_BOOL_CONVERSION = YES;
				CLANG_WARN_COMMA = YES;
				CLANG_WARN_CONSTANT_CONVERSION = YES;
				CLANG_WARN_DEPRECATED_OBJC_IMPLEMENTATIONS = YES;
				CLANG_WARN_DIRECT_OBJC_ISA_USAGE = YES_ERROR;
				CLANG_WARN_DOCUMENTATION_COMMENTS = YES;
				CLANG_WARN_EMPTY_BODY = YES;
				CLANG_WARN_ENUM_CONVERSION = YES;
				CLANG_WARN_INFINITE_RECURSION = YES;
				CLANG_WARN_INT_CONVERSION = YES;
				CLANG_WARN_NON_LITERAL_NULL_CONVERSION = YES;
				CLANG_WARN_OBJC_IMPLICIT_RETAIN_SELF = YES;
				CLANG_WARN_OBJC_LITERAL_CONVERSION = YES;
				CLANG_WARN_OBJC_ROOT_CLASS = YES_ERROR;
				CLANG_WARN_QUOTED_INCLUDE_IN_FRAMEWORK_HEADER = YES;
				CLANG_WARN_RANGE_LOOP_ANALYSIS = YES;
				CLANG_WARN_STRICT_PROTOTYPES = YES;
				CLANG_WARN_SUSPICIOUS_MOVE = YES;
				CLANG_WARN_UNGUARDED_AVAILABILITY = YES_AGGRESSIVE;
				CLANG_WARN_UNREACHABLE_CODE = YES;
				CLANG_WARN__DUPLICATE_METHOD_MATCH = YES;
				COPY_PHASE_STRIP = NO;
				DEBUG_INFORMATION_FORMAT = dwarf;
				ENABLE_STRICT_OBJC_MSGSEND = YES;
				ENABLE_TESTABILITY = YES;
				GCC_C_LANGUAGE_STANDARD = gnu11;
				GCC_DYNAMIC_NO_PIC = NO;
				GCC_NO_COMMON_BLOCKS = YES;
				GCC_OPTIMIZATION_LEVEL = 0;
				GCC_PREPROCESSOR_DEFINITIONS = (
					"DEBUG=1",
					"$(inherited)",
				);
				GCC_WARN_64_TO_32_BIT_CONVERSION = YES;
				GCC_WARN_ABOUT_RETURN_TYPE = YES_ERROR;
				GCC_WARN_UNDECLARED_SELECTOR = YES;
				GCC_WARN_UNINITIALIZED_AUTOS = YES_AGGRESSIVE;
				GCC_WARN_UNUSED_FUNCTION = YES;
				GCC_WARN_UNUSED_VARIABLE = YES;
				IPHONEOS_DEPLOYMENT_TARGET = 14.3;
				MTL_ENABLE_DEBUG_INFO = INCLUDE_SOURCE;
				MTL_FAST_MATH = YES;
				ONLY_ACTIVE_ARCH = YES;
				SDKROOT = iphoneos;
				SWIFT_ACTIVE_COMPILATION_CONDITIONS = DEBUG;
				SWIFT_OPTIMIZATION_LEVEL = "-Onone";
			};
			name = Debug;
		};
		D1E515AD25B2303B001D6CE9 /* Release */ = {
			isa = XCBuildConfiguration;
			buildSettings = {
				ALWAYS_SEARCH_USER_PATHS = NO;
				CLANG_ANALYZER_NONNULL = YES;
				CLANG_ANALYZER_NUMBER_OBJECT_CONVERSION = YES_AGGRESSIVE;
				CLANG_CXX_LANGUAGE_STANDARD = "gnu++14";
				CLANG_CXX_LIBRARY = "libc++";
				CLANG_ENABLE_MODULES = YES;
				CLANG_ENABLE_OBJC_ARC = YES;
				CLANG_ENABLE_OBJC_WEAK = YES;
				CLANG_WARN_BLOCK_CAPTURE_AUTORELEASING = YES;
				CLANG_WARN_BOOL_CONVERSION = YES;
				CLANG_WARN_COMMA = YES;
				CLANG_WARN_CONSTANT_CONVERSION = YES;
				CLANG_WARN_DEPRECATED_OBJC_IMPLEMENTATIONS = YES;
				CLANG_WARN_DIRECT_OBJC_ISA_USAGE = YES_ERROR;
				CLANG_WARN_DOCUMENTATION_COMMENTS = YES;
				CLANG_WARN_EMPTY_BODY = YES;
				CLANG_WARN_ENUM_CONVERSION = YES;
				CLANG_WARN_INFINITE_RECURSION = YES;
				CLANG_WARN_INT_CONVERSION = YES;
				CLANG_WARN_NON_LITERAL_NULL_CONVERSION = YES;
				CLANG_WARN_OBJC_IMPLICIT_RETAIN_SELF = YES;
				CLANG_WARN_OBJC_LITERAL_CONVERSION = YES;
				CLANG_WARN_OBJC_ROOT_CLASS = YES_ERROR;
				CLANG_WARN_QUOTED_INCLUDE_IN_FRAMEWORK_HEADER = YES;
				CLANG_WARN_RANGE_LOOP_ANALYSIS = YES;
				CLANG_WARN_STRICT_PROTOTYPES = YES;
				CLANG_WARN_SUSPICIOUS_MOVE = YES;
				CLANG_WARN_UNGUARDED_AVAILABILITY = YES_AGGRESSIVE;
				CLANG_WARN_UNREACHABLE_CODE = YES;
				CLANG_WARN__DUPLICATE_METHOD_MATCH = YES;
				COPY_PHASE_STRIP = NO;
				DEBUG_INFORMATION_FORMAT = "dwarf-with-dsym";
				ENABLE_NS_ASSERTIONS = NO;
				ENABLE_STRICT_OBJC_MSGSEND = YES;
				GCC_C_LANGUAGE_STANDARD = gnu11;
				GCC_NO_COMMON_BLOCKS = YES;
				GCC_WARN_64_TO_32_BIT_CONVERSION = YES;
				GCC_WARN_ABOUT_RETURN_TYPE = YES_ERROR;
				GCC_WARN_UNDECLARED_SELECTOR = YES;
				GCC_WARN_UNINITIALIZED_AUTOS = YES_AGGRESSIVE;
				GCC_WARN_UNUSED_FUNCTION = YES;
				GCC_WARN_UNUSED_VARIABLE = YES;
				IPHONEOS_DEPLOYMENT_TARGET = 14.3;
				MTL_ENABLE_DEBUG_INFO = NO;
				MTL_FAST_MATH = YES;
				SDKROOT = iphoneos;
				SWIFT_COMPILATION_MODE = wholemodule;
				SWIFT_OPTIMIZATION_LEVEL = "-O";
				VALIDATE_PRODUCT = YES;
			};
			name = Release;
		};
		D1E515AF25B2303B001D6CE9 /* Debug */ = {
			isa = XCBuildConfiguration;
			buildSettings = {
				ASSETCATALOG_COMPILER_APPICON_NAME = AppIcon;
				ASSETCATALOG_COMPILER_GLOBAL_ACCENT_COLOR_NAME = AccentColor;
				CODE_SIGN_STYLE = Automatic;
				INFOPLIST_FILE = VeritranTest/Info.plist;
				LD_RUNPATH_SEARCH_PATHS = (
					"$(inherited)",
					"@executable_path/Frameworks",
				);
				PRODUCT_BUNDLE_IDENTIFIER = com.carlos.VeritranTest;
				PRODUCT_NAME = "$(TARGET_NAME)";
				SWIFT_VERSION = 5.0;
				TARGETED_DEVICE_FAMILY = "1,2";
			};
			name = Debug;
		};
		D1E515B025B2303B001D6CE9 /* Release */ = {
			isa = XCBuildConfiguration;
			buildSettings = {
				ASSETCATALOG_COMPILER_APPICON_NAME = AppIcon;
				ASSETCATALOG_COMPILER_GLOBAL_ACCENT_COLOR_NAME = AccentColor;
				CODE_SIGN_STYLE = Automatic;
				INFOPLIST_FILE = VeritranTest/Info.plist;
				LD_RUNPATH_SEARCH_PATHS = (
					"$(inherited)",
					"@executable_path/Frameworks",
				);
				PRODUCT_BUNDLE_IDENTIFIER = com.carlos.VeritranTest;
				PRODUCT_NAME = "$(TARGET_NAME)";
				SWIFT_VERSION = 5.0;
				TARGETED_DEVICE_FAMILY = "1,2";
			};
			name = Release;
		};
		D1E515B225B2303B001D6CE9 /* Debug */ = {
			isa = XCBuildConfiguration;
			buildSettings = {
				ALWAYS_EMBED_SWIFT_STANDARD_LIBRARIES = YES;
				BUNDLE_LOADER = "$(TEST_HOST)";
				CODE_SIGN_STYLE = Automatic;
				INFOPLIST_FILE = VeritranTestTests/Info.plist;
				IPHONEOS_DEPLOYMENT_TARGET = 14.3;
				LD_RUNPATH_SEARCH_PATHS = (
					"$(inherited)",
					"@executable_path/Frameworks",
					"@loader_path/Frameworks",
				);
				PRODUCT_BUNDLE_IDENTIFIER = com.carlos.VeritranTestTests;
				PRODUCT_NAME = "$(TARGET_NAME)";
				SWIFT_VERSION = 5.0;
				TARGETED_DEVICE_FAMILY = "1,2";
				TEST_HOST = "$(BUILT_PRODUCTS_DIR)/VeritranTest.app/VeritranTest";
			};
			name = Debug;
		};
		D1E515B325B2303B001D6CE9 /* Release */ = {
			isa = XCBuildConfiguration;
			buildSettings = {
				ALWAYS_EMBED_SWIFT_STANDARD_LIBRARIES = YES;
				BUNDLE_LOADER = "$(TEST_HOST)";
				CODE_SIGN_STYLE = Automatic;
				INFOPLIST_FILE = VeritranTestTests/Info.plist;
				IPHONEOS_DEPLOYMENT_TARGET = 14.3;
				LD_RUNPATH_SEARCH_PATHS = (
					"$(inherited)",
					"@executable_path/Frameworks",
					"@loader_path/Frameworks",
				);
				PRODUCT_BUNDLE_IDENTIFIER = com.carlos.VeritranTestTests;
				PRODUCT_NAME = "$(TARGET_NAME)";
				SWIFT_VERSION = 5.0;
				TARGETED_DEVICE_FAMILY = "1,2";
				TEST_HOST = "$(BUILT_PRODUCTS_DIR)/VeritranTest.app/VeritranTest";
			};
			name = Release;
		};
		D1E515B525B2303B001D6CE9 /* Debug */ = {
			isa = XCBuildConfiguration;
			buildSettings = {
				ALWAYS_EMBED_SWIFT_STANDARD_LIBRARIES = YES;
				CODE_SIGN_STYLE = Automatic;
				INFOPLIST_FILE = VeritranTestUITests/Info.plist;
				LD_RUNPATH_SEARCH_PATHS = (
					"$(inherited)",
					"@executable_path/Frameworks",
					"@loader_path/Frameworks",
				);
				PRODUCT_BUNDLE_IDENTIFIER = com.carlos.VeritranTestUITests;
				PRODUCT_NAME = "$(TARGET_NAME)";
				SWIFT_VERSION = 5.0;
				TARGETED_DEVICE_FAMILY = "1,2";
				TEST_TARGET_NAME = VeritranTest;
			};
			name = Debug;
		};
		D1E515B625B2303B001D6CE9 /* Release */ = {
			isa = XCBuildConfiguration;
			buildSettings = {
				ALWAYS_EMBED_SWIFT_STANDARD_LIBRARIES = YES;
				CODE_SIGN_STYLE = Automatic;
				INFOPLIST_FILE = VeritranTestUITests/Info.plist;
				LD_RUNPATH_SEARCH_PATHS = (
					"$(inherited)",
					"@executable_path/Frameworks",
					"@loader_path/Frameworks",
				);
				PRODUCT_BUNDLE_IDENTIFIER = com.carlos.VeritranTestUITests;
				PRODUCT_NAME = "$(TARGET_NAME)";
				SWIFT_VERSION = 5.0;
				TARGETED_DEVICE_FAMILY = "1,2";
				TEST_TARGET_NAME = VeritranTest;
			};
			name = Release;
		};
/* End XCBuildConfiguration section */

/* Begin XCConfigurationList section */
		D1E5157F25B2303A001D6CE9 /* Build configuration list for PBXProject "VeritranTest" */ = {
			isa = XCConfigurationList;
			buildConfigurations = (
				D1E515AC25B2303B001D6CE9 /* Debug */,
				D1E515AD25B2303B001D6CE9 /* Release */,
			);
			defaultConfigurationIsVisible = 0;
			defaultConfigurationName = Release;
		};
		D1E515AE25B2303B001D6CE9 /* Build configuration list for PBXNativeTarget "VeritranTest" */ = {
			isa = XCConfigurationList;
			buildConfigurations = (
				D1E515AF25B2303B001D6CE9 /* Debug */,
				D1E515B025B2303B001D6CE9 /* Release */,
			);
			defaultConfigurationIsVisible = 0;
			defaultConfigurationName = Release;
		};
		D1E515B125B2303B001D6CE9 /* Build configuration list for PBXNativeTarget "VeritranTestTests" */ = {
			isa = XCConfigurationList;
			buildConfigurations = (
				D1E515B225B2303B001D6CE9 /* Debug */,
				D1E515B325B2303B001D6CE9 /* Release */,
			);
			defaultConfigurationIsVisible = 0;
			defaultConfigurationName = Release;
		};
		D1E515B425B2303B001D6CE9 /* Build configuration list for PBXNativeTarget "VeritranTestUITests" */ = {
			isa = XCConfigurationList;
			buildConfigurations = (
				D1E515B525B2303B001D6CE9 /* Debug */,
				D1E515B625B2303B001D6CE9 /* Release */,
			);
			defaultConfigurationIsVisible = 0;
			defaultConfigurationName = Release;
		};
/* End XCConfigurationList section */
	};
	rootObject = D1E5157C25B2303A001D6CE9 /* Project object */;
}
